{
  "name": "everkinetic-web",
  "version": "1.0.0",
  "lockfileVersion": 3,
  "requires": true,
  "packages": {
    "": {
      "name": "everkinetic-web",
      "version": "1.0.0",
      "license": "Unlicense",
      "devDependencies": {
        "copyfiles": "1.2.0",
        "everkinetic-data": "https://github.com/everkinetic/data#develop"
      }
    },
    "node_modules/balanced-match": {
      "version": "0.4.2",
      "resolved": "https://registry.npmjs.org/balanced-match/-/balanced-match-0.4.2.tgz",
      "integrity": "sha512-STw03mQKnGUYtoNjmowo4F2cRmIIxYEGiMsjjwla/u5P1lxadj/05WkNaFjNiKTgJkj8KiXbgAiRTmcQRwQNtg==",
      "dev": true
    },
    "node_modules/brace-expansion": {
      "version": "1.1.7",
      "resolved": "https://registry.npmjs.org/brace-expansion/-/brace-expansion-1.1.7.tgz",
      "integrity": "sha512-ebXXDR1wKKxJNfTM872trAU5hpKduCkTN37ipoxsh5yibWq8FfxiobiHuVlPFkspSSNhrxbPHbM4kGyDGdJ5mg==",
      "dev": true,
      "dependencies": {
        "balanced-match": "^0.4.1",
        "concat-map": "0.0.1"
      }
    },
    "node_modules/buffer-shims": {
      "version": "1.0.0",
      "resolved": "https://registry.npmjs.org/buffer-shims/-/buffer-shims-1.0.0.tgz",
      "integrity": "sha512-Zy8ZXMyxIT6RMTeY7OP/bDndfj6bwCan7SS98CEndS6deHwWPpseeHlwarNcBim+etXnF9HBc1non5JgDaJU1g==",
      "dev": true
    },
    "node_modules/concat-map": {
      "version": "0.0.1",
      "resolved": "https://registry.npmjs.org/concat-map/-/concat-map-0.0.1.tgz",
      "integrity": "sha512-/Srv4dswyQNBfohGpz9o6Yb3Gz3SrUDqBH5rTuhGR7ahtlbYKnVxw2bCFMRljaA7EXHaXZ8wsHdodFvbkhKmqg==",
      "dev": true
    },
    "node_modules/copyfiles": {
      "version": "1.2.0",
      "resolved": "https://registry.npmjs.org/copyfiles/-/copyfiles-1.2.0.tgz",
      "integrity": "sha512-OwCtFvWPBl3DrfW2Bgi9RylnYZv2T0MruQeRyR38tC/KkFx5VZxAVfYI78hcAXeGvZKtu+pa8o8+SwINU0PbJA==",
      "dev": true,
      "dependencies": {
        "glob": "^7.0.5",
        "ltcdr": "^2.2.1",
        "minimatch": "^3.0.3",
        "mkdirp": "^0.5.1",
        "noms": "0.0.0",
        "through2": "^2.0.1"
      },
      "bin": {
        "copyfiles": "copyfiles",
        "copyup": "copyup"
      }
    },
    "node_modules/core-util-is": {
      "version": "1.0.2",
      "resolved": "https://registry.npmjs.org/core-util-is/-/core-util-is-1.0.2.tgz",
      "integrity": "sha512-3lqz5YjWTYnW6dlDa5TLaTCcShfar1e40rmcJVwCBJC6mWlFuj0eCHIElmG1g5kyuJ/GD+8Wn4FFCcz4gJPfaQ==",
      "dev": true
    },
    "node_modules/everkinetic-data": {
      "name": "everkinetic",
      "version": "1.0.0",
      "resolved": "git+ssh://git@github.com/everkinetic/data.git",
      "integrity": "sha512-ZQfhZEDkQe7aQGk6ibvJCQfTWV0UFCcAPxyToSjSsE5A+c+LTaYYteHg1SRdgVyqoJzWT0RjENgEP1rszEuLSw==",
      "dev": true,
      "license": "CC-BY-SA-4.0",
      "engines": {
        "node": ">=4.4.0"
      }
    },
    "node_modules/fs.realpath": {
      "version": "1.0.0",
      "resolved": "https://registry.npmjs.org/fs.realpath/-/fs.realpath-1.0.0.tgz",
      "integrity": "sha512-OO0pH2lK6a0hZnAdau5ItzHPI6pUlvI7jMVnxUQRtw4owF2wk8lOSabtGDCTP4Ggrg2MbGnWO9X8K1t4+fGMDw==",
      "dev": true
    },
    "node_modules/glob": {
      "version": "7.1.1",
      "resolved": "https://registry.npmjs.org/glob/-/glob-7.1.1.tgz",
      "integrity": "sha512-mRyN/EsN2SyNhKWykF3eEGhDpeNplMWaW18Bmh76tnOqk5TbELAVwFAYOCmKVssOYFrYvvLMguiA+NXO3ZTuVA==",
      "deprecated": "Glob versions prior to v9 are no longer supported",
      "dev": true,
      "dependencies": {
        "fs.realpath": "^1.0.0",
        "inflight": "^1.0.4",
        "inherits": "2",
        "minimatch": "^3.0.2",
        "once": "^1.3.0",
        "path-is-absolute": "^1.0.0"
      },
      "engines": {
        "node": "*"
      }
    },
    "node_modules/inflight": {
      "version": "1.0.6",
      "resolved": "https://registry.npmjs.org/inflight/-/inflight-1.0.6.tgz",
      "integrity": "sha512-k92I/b08q4wvFscXCLvqfsHCrjrF7yiXsQuIVvVE7N82W3+aqpzuUdBbfhWcy/FZR3/4IgflMgKLOsvPDrGCJA==",
      "deprecated": "This module is not supported, and leaks memory. Do not use it. Check out lru-cache if you want a good and tested way to coalesce async requests by a key value, which is much more comprehensive and powerful.",
      "dev": true,
      "dependencies": {
        "once": "^1.3.0",
        "wrappy": "1"
      }
    },
    "node_modules/inherits": {
      "version": "2.0.3",
      "resolved": "https://registry.npmjs.org/inherits/-/inherits-2.0.3.tgz",
      "integrity": "sha512-x00IRNXNy63jwGkJmzPigoySHbaqpNuzKbBOmzK+g2OdZpQ9w+sxCN+VSB3ja7IAge2OP2qpfxTjeNcyjmW1uw==",
      "dev": true
    },
    "node_modules/isarray": {
      "version": "0.0.1",
      "resolved": "https://registry.npmjs.org/isarray/-/isarray-0.0.1.tgz",
      "integrity": "sha512-D2S+3GLxWH+uhrNEcoh/fnmYeP8E8/zHl644d/jdA0g2uyXvy3sb0qxotE+ne0LtccHknQzWwZEzhak7oJ0COQ==",
      "dev": true
    },
    "node_modules/ltcdr": {
      "version": "2.2.1",
      "resolved": "https://registry.npmjs.org/ltcdr/-/ltcdr-2.2.1.tgz",
      "integrity": "sha512-HzFIfBAGsI6MWpRQhtaS9MJ22C5hb/0qY9aLZ41PIbYjFP36nodWU1THvVXwYRcCeMdq0dkTVO80vnmjBB6c1w==",
      "dev": true,
      "engines": {
        "node": ">= 0.6.x"
      }
    },
    "node_modules/minimatch": {
      "version": "3.0.3",
      "resolved": "https://registry.npmjs.org/minimatch/-/minimatch-3.0.3.tgz",
      "integrity": "sha512-NyXjqu1IwcqH6nv5vmMtaG3iw7kdV3g6MwlUBZkc3Vn5b5AMIWYKfptvzipoyFfhlfOgBQ9zoTxQMravF1QTnw==",
      "dev": true,
      "dependencies": {
        "brace-expansion": "^1.0.0"
      },
      "engines": {
        "node": "*"
      }
    },
    "node_modules/minimist": {
      "version": "0.0.8",
      "resolved": "https://registry.npmjs.org/minimist/-/minimist-0.0.8.tgz",
      "integrity": "sha512-miQKw5Hv4NS1Psg2517mV4e4dYNaO3++hjAvLOAzKqZ61rH8NS1SK+vbfBWZ5PY/Me/bEWhUwqMghEW5Fb9T7Q==",
      "dev": true
    },
    "node_modules/mkdirp": {
      "version": "0.5.1",
      "resolved": "https://registry.npmjs.org/mkdirp/-/mkdirp-0.5.1.tgz",
      "integrity": "sha512-SknJC52obPfGQPnjIkXbmA6+5H15E+fR+E4iR2oQ3zzCLbd7/ONua69R/Gw7AgkTLsRG+r5fzksYwWe1AgTyWA==",
      "deprecated": "Legacy versions of mkdirp are no longer supported. Please update to mkdirp 1.x. (Note that the API surface has changed to use Promises in 1.x.)",
      "dev": true,
      "dependencies": {
        "minimist": "0.0.8"
      },
      "bin": {
        "mkdirp": "bin/cmd.js"
      }
    },
    "node_modules/noms": {
      "version": "0.0.0",
      "resolved": "https://registry.npmjs.org/noms/-/noms-0.0.0.tgz",
      "integrity": "sha512-lNDU9VJaOPxUmXcLb+HQFeUgQQPtMI24Gt6hgfuMHRJgMRHMF/qZ4HJD3GDru4sSw9IQl2jPjAYnQrdIeLbwow==",
      "dev": true,
      "dependencies": {
        "inherits": "^2.0.1",
        "readable-stream": "~1.0.31"
      }
    },
    "node_modules/once": {
      "version": "1.4.0",
      "resolved": "https://registry.npmjs.org/once/-/once-1.4.0.tgz",
      "integrity": "sha512-lNaJgI+2Q5URQBkccEKHTQOPaXdUxnZZElQTZY0MFUAuaEqe1E+Nyvgdz/aIyNi6Z9MzO5dv1H8n58/GELp3+w==",
      "dev": true,
      "dependencies": {
        "wrappy": "1"
      }
    },
    "node_modules/path-is-absolute": {
      "version": "1.0.1",
      "resolved": "https://registry.npmjs.org/path-is-absolute/-/path-is-absolute-1.0.1.tgz",
      "integrity": "sha512-AVbw3UJ2e9bq64vSaS9Am0fje1Pa8pbGqTTsmXfaIiMpnr5DlDhfJOuLj9Sf95ZPVDAUerDfEk88MPmPe7UCQg==",
      "dev": true,
      "engines": {
        "node": ">=0.10.0"
      }
    },
    "node_modules/process-nextick-args": {
      "version": "1.0.7",
      "resolved": "https://registry.npmjs.org/process-nextick-args/-/process-nextick-args-1.0.7.tgz",
      "integrity": "sha512-yN0WQmuCX63LP/TMvAg31nvT6m4vDqJEiiv2CAZqWOGNWutc9DfDk1NPYYmKUFmaVM2UwDowH4u5AHWYP/jxKw==",
      "dev": true
    },
    "node_modules/readable-stream": {
      "version": "1.0.34",
      "resolved": "https://registry.npmjs.org/readable-stream/-/readable-stream-1.0.34.tgz",
      "integrity": "sha512-ok1qVCJuRkNmvebYikljxJA/UEsKwLl2nI1OmaqAu4/UE+h0wKCHok4XkL/gvi39OacXvw59RJUOFUkDib2rHg==",
      "dev": true,
      "dependencies": {
        "core-util-is": "~1.0.0",
        "inherits": "~2.0.1",
        "isarray": "0.0.1",
        "string_decoder": "~0.10.x"
      }
    },
    "node_modules/string_decoder": {
      "version": "0.10.31",
      "resolved": "https://registry.npmjs.org/string_decoder/-/string_decoder-0.10.31.tgz",
      "integrity": "sha512-ev2QzSzWPYmy9GuqfIVildA4OdcGLeFZQrq5ys6RtiuF+RQQiZWr8TZNyAcuVXyQRYfEO+MsoB/1BuQVhOJuoQ==",
      "dev": true
    },
    "node_modules/through2": {
      "version": "2.0.3",
      "resolved": "https://registry.npmjs.org/through2/-/through2-2.0.3.tgz",
      "integrity": "sha512-tmNYYHFqXmaKSSlOU4ZbQ82cxmFQa5LRWKFtWCNkGIiZ3/VHmOffCeWfBRZZRyXAhNP9itVMR+cuvomBOPlm8g==",
      "dev": true,
      "dependencies": {
        "readable-stream": "^2.1.5",
        "xtend": "~4.0.1"
      }
    },
    "node_modules/through2/node_modules/isarray": {
      "version": "1.0.0",
      "resolved": "https://registry.npmjs.org/isarray/-/isarray-1.0.0.tgz",
      "integrity": "sha512-VLghIWNM6ELQzo7zwmcg0NmTVyWKYjvIeM83yjp0wRDTmUnrM678fQbcKBo6n2CJEF0szoG//ytg+TKla89ALQ==",
      "dev": true
    },
    "node_modules/through2/node_modules/readable-stream": {
      "version": "2.2.9",
      "resolved": "https://registry.npmjs.org/readable-stream/-/readable-stream-2.2.9.tgz",
      "integrity": "sha512-iuxqX7b7FYt08AriYECxUsK9KTXE3A/FenxIa3IPmvANHxaTP/wGIwwf+IidvvIDk/MsCp/oEV6A8CXo4SDcCg==",
      "dev": true,
      "dependencies": {
        "buffer-shims": "~1.0.0",
        "core-util-is": "~1.0.0",
        "inherits": "~2.0.1",
        "isarray": "~1.0.0",
        "process-nextick-args": "~1.0.6",
        "string_decoder": "~1.0.0",
        "util-deprecate": "~1.0.1"
      }
    },
    "node_modules/through2/node_modules/string_decoder": {
      "version": "1.0.0",
      "resolved": "https://registry.npmjs.org/string_decoder/-/string_decoder-1.0.0.tgz",
      "integrity": "sha512-W3xBL2XOY6wH8jdognQCwUGcvT0foutNqg729ypD+ZJlTy28dCQSbAViftVhOEOUQGxZdUki53AzHsRSXw3wTg==",
      "dev": true,
      "dependencies": {
        "buffer-shims": "~1.0.0"
      }
    },
    "node_modules/util-deprecate": {
      "version": "1.0.2",
      "resolved": "https://registry.npmjs.org/util-deprecate/-/util-deprecate-1.0.2.tgz",
      "integrity": "sha512-EPD5q1uXyFxJpCrLnCc1nHnq3gOa6DZBocAIiI2TaSCA7VCJ1UJDMagCzIkXNsUYfD1daK//LTEQ8xiIbrHtcw==",
      "dev": true
    },
    "node_modules/wrappy": {
      "version": "1.0.2",
      "resolved": "https://registry.npmjs.org/wrappy/-/wrappy-1.0.2.tgz",
      "integrity": "sha512-l4Sp/DRseor9wL6EvV2+TuQn63dMkPjZ/sp9XkghTEbV9KlPS1xUsZ3u7/IQO4wxtcFB4bgpQPRcR3QCvezPcQ==",
      "dev": true
    },
    "node_modules/xtend": {
      "version": "4.0.1",
      "resolved": "https://registry.npmjs.org/xtend/-/xtend-4.0.1.tgz",
      "integrity": "sha512-iTwvhNBRetXWe81+VcIw5YeadVSWyze7uA7nVnpP13ulrpnJ3UfQm5ApGnrkmxDJFdrblRdZs0EvaTCIfei5oQ==",
      "dev": true,
      "engines": {
        "node": ">=0.4"
      }
    }
  }
}
